
Microsoft Visual Studio Solution File, Format Version 12.00
# Visual Studio Version 17
VisualStudioVersion = 17.3.32505.426
MinimumVisualStudioVersion = 10.0.40219.1
Project("{FAE04EC0-301F-11D3-BF4B-00C04F79EFBC}") = "Basic Web Api HW", "Basic Web Api HW\Basic Web Api HW.csproj", "{DF8ADADA-F044-4863-AF93-CDAA3C74FEDF}"
EndProject
Global
	GlobalSection(SolutionConfigurationPlatforms) = preSolution
		Debug|Any CPU = Debug|Any CPU
		Release|Any CPU = Release|Any CPU
	EndGlobalSection
	GlobalSection(ProjectConfigurationPlatforms) = postSolution
		{DF8ADADA-F044-4863-AF93-CDAA3C74FEDF}.Debug|Any CPU.ActiveCfg = Debug|Any CPU
		{DF8ADADA-F044-4863-AF93-CDAA3C74FEDF}.Debug|Any CPU.Build.0 = Debug|Any CPU
		{DF8ADADA-F044-4863-AF93-CDAA3C74FEDF}.Release|Any CPU.ActiveCfg = Release|Any CPU
		{DF8ADADA-F044-4863-AF93-CDAA3C74FEDF}.Release|Any CPU.Build.0 = Release|Any CPU
	EndGlobalSection
	GlobalSection(SolutionProperties) = preSolution
		HideSolutionNode = FALSE
	EndGlobalSection
	GlobalSection(ExtensibilityGlobals) = postSolution
		SolutionGuid = {9F8DF593-0A12-48FE-8156-0A011E973EDC}
	EndGlobalSection
EndGlobal
